
Microsoft Visual Studio Solution File, Format Version 10.00
# Visual Studio 2008
Project("{8BC9CEB8-8B4A-11D0-8D11-00A0C91BC942}") = "SuperF12.exe", "SuperF12.exe\SuperF12.exe.vcproj", "{9163D946-B9EB-4048-A61F-D43DC9D965EB}"
EndProject
Project("{8BC9CEB8-8B4A-11D0-8D11-00A0C91BC942}") = "SuperF12.dll", "SuperF12.dll\SuperF12.dll.vcproj", "{A6B42641-F211-42A0-9DB7-8C7ACAA45DA4}"
EndProject
Global
	GlobalSection(SolutionConfigurationPlatforms) = preSolution
		Debug|Win32 = Debug|Win32
		Release|Win32 = Release|Win32
	EndGlobalSection
	GlobalSection(ProjectConfigurationPlatforms) = postSolution
		{9163D946-B9EB-4048-A61F-D43DC9D965EB}.Debug|Win32.ActiveCfg = Debug|Win32
		{9163D946-B9EB-4048-A61F-D43DC9D965EB}.Debug|Win32.Build.0 = Debug|Win32
		{9163D946-B9EB-4048-A61F-D43DC9D965EB}.Release|Win32.ActiveCfg = Release|Win32
		{9163D946-B9EB-4048-A61F-D43DC9D965EB}.Release|Win32.Build.0 = Release|Win32
		{A6B42641-F211-42A0-9DB7-8C7ACAA45DA4}.Debug|Win32.ActiveCfg = Debug|Win32
		{A6B42641-F211-42A0-9DB7-8C7ACAA45DA4}.Debug|Win32.Build.0 = Debug|Win32
		{A6B42641-F211-42A0-9DB7-8C7ACAA45DA4}.Release|Win32.ActiveCfg = Release|Win32
		{A6B42641-F211-42A0-9DB7-8C7ACAA45DA4}.Release|Win32.Build.0 = Release|Win32
	EndGlobalSection
	GlobalSection(SolutionProperties) = preSolution
		HideSolutionNode = FALSE
	EndGlobalSection
EndGlobal
